
Microsoft Visual Studio Solution File, Format Version 12.00
# Visual Studio 15
VisualStudioVersion = 15.0.35213.121
MinimumVisualStudioVersion = 10.0.40219.1
Project("{FAE04EC0-301F-11D3-BF4B-00C04F79EFBC}") = "FLAPPY BİRDS", "FLAPPY BİRDS\FLAPPY BİRDS.csproj", "{0EB15EDF-B5C4-46D9-877A-C4B1F0A730F3}"
EndProject
Global
	GlobalSection(SolutionConfigurationPlatforms) = preSolution
		Debug|Any CPU = Debug|Any CPU
		Release|Any CPU = Release|Any CPU
	EndGlobalSection
	GlobalSection(ProjectConfigurationPlatforms) = postSolution
		{0EB15EDF-B5C4-46D9-877A-C4B1F0A730F3}.Debug|Any CPU.ActiveCfg = Debug|Any CPU
		{0EB15EDF-B5C4-46D9-877A-C4B1F0A730F3}.Debug|Any CPU.Build.0 = Debug|Any CPU
		{0EB15EDF-B5C4-46D9-877A-C4B1F0A730F3}.Release|Any CPU.ActiveCfg = Release|Any CPU
		{0EB15EDF-B5C4-46D9-877A-C4B1F0A730F3}.Release|Any CPU.Build.0 = Release|Any CPU
	EndGlobalSection
	GlobalSection(SolutionProperties) = preSolution
		HideSolutionNode = FALSE
	EndGlobalSection
	GlobalSection(ExtensibilityGlobals) = postSolution
		SolutionGuid = {E8CEC96D-8ECE-415F-9FB8-63E2D83F6D20}
	EndGlobalSection
EndGlobal
