
Microsoft Visual Studio Solution File, Format Version 12.00
# Visual Studio 15
VisualStudioVersion = 15.0.35431.46
MinimumVisualStudioVersion = 10.0.40219.1
Project("{FAE04EC0-301F-11D3-BF4B-00C04F79EFBC}") = "HAL_Projesi", "HAL_Projesi\HAL_Projesi.csproj", "{71427005-22EE-4DFE-98F3-CAE9AFF0693A}"
EndProject
Project("{54435603-DBB4-11D2-8724-00A0C9A8B90C}") = "Hal Kayıt Sistemi", "Hal Kayıt Sistemi\Hal Kayıt Sistemi.vdproj", "{DF0DBF5B-B408-428D-B884-12C84A29EB52}"
EndProject
Global
	GlobalSection(SolutionConfigurationPlatforms) = preSolution
		Debug|Any CPU = Debug|Any CPU
		Release|Any CPU = Release|Any CPU
	EndGlobalSection
	GlobalSection(ProjectConfigurationPlatforms) = postSolution
		{71427005-22EE-4DFE-98F3-CAE9AFF0693A}.Debug|Any CPU.ActiveCfg = Debug|Any CPU
		{71427005-22EE-4DFE-98F3-CAE9AFF0693A}.Debug|Any CPU.Build.0 = Debug|Any CPU
		{71427005-22EE-4DFE-98F3-CAE9AFF0693A}.Release|Any CPU.ActiveCfg = Release|Any CPU
		{71427005-22EE-4DFE-98F3-CAE9AFF0693A}.Release|Any CPU.Build.0 = Release|Any CPU
		{DF0DBF5B-B408-428D-B884-12C84A29EB52}.Debug|Any CPU.ActiveCfg = Debug
		{DF0DBF5B-B408-428D-B884-12C84A29EB52}.Release|Any CPU.ActiveCfg = Release
	EndGlobalSection
	GlobalSection(SolutionProperties) = preSolution
		HideSolutionNode = FALSE
	EndGlobalSection
	GlobalSection(ExtensibilityGlobals) = postSolution
		SolutionGuid = {B9A32CFA-943E-4059-84B3-51030E6F010B}
	EndGlobalSection
EndGlobal
