
Microsoft Visual Studio Solution File, Format Version 12.00
# Visual Studio 15
VisualStudioVersion = 15.0.35213.121
MinimumVisualStudioVersion = 10.0.40219.1
Project("{FAE04EC0-301F-11D3-BF4B-00C04F79EFBC}") = "ödev 1", "ödev 1\ödev 1.csproj", "{8102FE78-0256-4FA5-82D9-38EC5AF65EF6}"
EndProject
Global
	GlobalSection(SolutionConfigurationPlatforms) = preSolution
		Debug|Any CPU = Debug|Any CPU
		Release|Any CPU = Release|Any CPU
	EndGlobalSection
	GlobalSection(ProjectConfigurationPlatforms) = postSolution
		{8102FE78-0256-4FA5-82D9-38EC5AF65EF6}.Debug|Any CPU.ActiveCfg = Debug|Any CPU
		{8102FE78-0256-4FA5-82D9-38EC5AF65EF6}.Debug|Any CPU.Build.0 = Debug|Any CPU
		{8102FE78-0256-4FA5-82D9-38EC5AF65EF6}.Release|Any CPU.ActiveCfg = Release|Any CPU
		{8102FE78-0256-4FA5-82D9-38EC5AF65EF6}.Release|Any CPU.Build.0 = Release|Any CPU
	EndGlobalSection
	GlobalSection(SolutionProperties) = preSolution
		HideSolutionNode = FALSE
	EndGlobalSection
	GlobalSection(ExtensibilityGlobals) = postSolution
		SolutionGuid = {5AD6433E-3BF8-4054-A529-CCB3D20B4B67}
	EndGlobalSection
EndGlobal
