
Microsoft Visual Studio Solution File, Format Version 12.00
# Visual Studio 15
VisualStudioVersion = 15.0.35213.121
MinimumVisualStudioVersion = 10.0.40219.1
Project("{FAE04EC0-301F-11D3-BF4B-00C04F79EFBC}") = "adam asmaca ödevi", "adam asmaca ödevi\adam asmaca ödevi.csproj", "{2041651B-6E64-4535-8F70-6BD003118B35}"
EndProject
Global
	GlobalSection(SolutionConfigurationPlatforms) = preSolution
		Debug|Any CPU = Debug|Any CPU
		Release|Any CPU = Release|Any CPU
	EndGlobalSection
	GlobalSection(ProjectConfigurationPlatforms) = postSolution
		{2041651B-6E64-4535-8F70-6BD003118B35}.Debug|Any CPU.ActiveCfg = Debug|Any CPU
		{2041651B-6E64-4535-8F70-6BD003118B35}.Debug|Any CPU.Build.0 = Debug|Any CPU
		{2041651B-6E64-4535-8F70-6BD003118B35}.Release|Any CPU.ActiveCfg = Release|Any CPU
		{2041651B-6E64-4535-8F70-6BD003118B35}.Release|Any CPU.Build.0 = Release|Any CPU
	EndGlobalSection
	GlobalSection(SolutionProperties) = preSolution
		HideSolutionNode = FALSE
	EndGlobalSection
	GlobalSection(ExtensibilityGlobals) = postSolution
		SolutionGuid = {072FA7BB-5265-44D2-98C5-C909D3948481}
	EndGlobalSection
EndGlobal
